
Microsoft Visual Studio Solution File, Format Version 12.00
# Visual Studio Version 16
VisualStudioVersion = 16.0.30330.147
MinimumVisualStudioVersion = 10.0.40219.1
Project("{FAE04EC0-301F-11D3-BF4B-00C04F79EFBC}") = "CurrencyComGraphAnalyzer", "CurrencyComGraphAnalyzer\CurrencyComGraphAnalyzer.csproj", "{C5F26ED0-388B-4D91-8093-99FEE36D8613}"
EndProject
Project("{FAE04EC0-301F-11D3-BF4B-00C04F79EFBC}") = "CurrencyComApi", "CurrencyComApi\CurrencyComApi.csproj", "{B8FB7A42-F37D-474B-97C8-E8B9C259AAE6}"
EndProject
Global
	GlobalSection(SolutionConfigurationPlatforms) = preSolution
		Debug|Any CPU = Debug|Any CPU
		Release|Any CPU = Release|Any CPU
	EndGlobalSection
	GlobalSection(ProjectConfigurationPlatforms) = postSolution
		{C5F26ED0-388B-4D91-8093-99FEE36D8613}.Debug|Any CPU.ActiveCfg = Debug|Any CPU
		{C5F26ED0-388B-4D91-8093-99FEE36D8613}.Debug|Any CPU.Build.0 = Debug|Any CPU
		{C5F26ED0-388B-4D91-8093-99FEE36D8613}.Release|Any CPU.ActiveCfg = Release|Any CPU
		{C5F26ED0-388B-4D91-8093-99FEE36D8613}.Release|Any CPU.Build.0 = Release|Any CPU
		{B8FB7A42-F37D-474B-97C8-E8B9C259AAE6}.Debug|Any CPU.ActiveCfg = Debug|Any CPU
		{B8FB7A42-F37D-474B-97C8-E8B9C259AAE6}.Debug|Any CPU.Build.0 = Debug|Any CPU
		{B8FB7A42-F37D-474B-97C8-E8B9C259AAE6}.Release|Any CPU.ActiveCfg = Release|Any CPU
		{B8FB7A42-F37D-474B-97C8-E8B9C259AAE6}.Release|Any CPU.Build.0 = Release|Any CPU
	EndGlobalSection
	GlobalSection(SolutionProperties) = preSolution
		HideSolutionNode = FALSE
	EndGlobalSection
	GlobalSection(ExtensibilityGlobals) = postSolution
		SolutionGuid = {845BEDB4-1DBF-4B8E-969C-350B70E50DC9}
	EndGlobalSection
EndGlobal
